
Microsoft Visual Studio Solution File, Format Version 12.00
# Visual Studio Version 17
VisualStudioVersion = 17.14.36127.28 d17.14
MinimumVisualStudioVersion = 10.0.40219.1
Project("{FAE04EC0-301F-11D3-BF4B-00C04F79EFBC}") = "ReqnrollProjectTAProgram", "ReqnrollProjectTAProgram.csproj", "{39391B23-0269-4484-8E54-62AE5173490F}"
EndProject
Global
	GlobalSection(SolutionConfigurationPlatforms) = preSolution
		Debug|Any CPU = Debug|Any CPU
		Release|Any CPU = Release|Any CPU
	EndGlobalSection
	GlobalSection(ProjectConfigurationPlatforms) = postSolution
		{39391B23-0269-4484-8E54-62AE5173490F}.Debug|Any CPU.ActiveCfg = Debug|Any CPU
		{39391B23-0269-4484-8E54-62AE5173490F}.Debug|Any CPU.Build.0 = Debug|Any CPU
		{39391B23-0269-4484-8E54-62AE5173490F}.Release|Any CPU.ActiveCfg = Release|Any CPU
		{39391B23-0269-4484-8E54-62AE5173490F}.Release|Any CPU.Build.0 = Release|Any CPU
	EndGlobalSection
	GlobalSection(SolutionProperties) = preSolution
		HideSolutionNode = FALSE
	EndGlobalSection
	GlobalSection(ExtensibilityGlobals) = postSolution
		SolutionGuid = {AE33E36E-7A5F-42BB-954E-42CA74385C17}
	EndGlobalSection
EndGlobal
